
Microsoft Visual Studio Solution File, Format Version 12.00
# Visual Studio Version 17
VisualStudioVersion = 17.7.34031.279
MinimumVisualStudioVersion = 10.0.40219.1
Project("{9A19103F-16F7-4668-BE54-9A1E7A4F7556}") = "RecipeSharingProject.API", "RecipeSharingProject.API\RecipeSharingProject.API.csproj", "{BD4D6C0E-4E8D-4741-AFB5-7A4331342148}"
EndProject
Project("{9A19103F-16F7-4668-BE54-9A1E7A4F7556}") = "RecipeSharingProject.Common", "RecipeSharingProject.Common\RecipeSharingProject.Common.csproj", "{C94678ED-540D-4F24-BE8B-44B6DD1ABAE0}"
EndProject
Project("{9A19103F-16F7-4668-BE54-9A1E7A4F7556}") = "RecipeSharingProject.Infrastructure", "RecipeSharingProject.Infrastructure\RecipeSharingProject.Infrastructure.csproj", "{07A5F763-78F9-42CA-9362-5F40B4BA04F4}"
EndProject
Project("{FAE04EC0-301F-11D3-BF4B-00C04F79EFBC}") = "RecipeSharingProject.Business", "RecipeSharingProject.Business\RecipeSharingProject.Business.csproj", "{6ABC95DE-265D-491D-9AEA-385895F5E301}"
EndProject
Global
	GlobalSection(SolutionConfigurationPlatforms) = preSolution
		Debug|Any CPU = Debug|Any CPU
		Release|Any CPU = Release|Any CPU
	EndGlobalSection
	GlobalSection(ProjectConfigurationPlatforms) = postSolution
		{BD4D6C0E-4E8D-4741-AFB5-7A4331342148}.Debug|Any CPU.ActiveCfg = Debug|Any CPU
		{BD4D6C0E-4E8D-4741-AFB5-7A4331342148}.Debug|Any CPU.Build.0 = Debug|Any CPU
		{BD4D6C0E-4E8D-4741-AFB5-7A4331342148}.Release|Any CPU.ActiveCfg = Release|Any CPU
		{BD4D6C0E-4E8D-4741-AFB5-7A4331342148}.Release|Any CPU.Build.0 = Release|Any CPU
		{C94678ED-540D-4F24-BE8B-44B6DD1ABAE0}.Debug|Any CPU.ActiveCfg = Debug|Any CPU
		{C94678ED-540D-4F24-BE8B-44B6DD1ABAE0}.Debug|Any CPU.Build.0 = Debug|Any CPU
		{C94678ED-540D-4F24-BE8B-44B6DD1ABAE0}.Release|Any CPU.ActiveCfg = Release|Any CPU
		{C94678ED-540D-4F24-BE8B-44B6DD1ABAE0}.Release|Any CPU.Build.0 = Release|Any CPU
		{07A5F763-78F9-42CA-9362-5F40B4BA04F4}.Debug|Any CPU.ActiveCfg = Debug|Any CPU
		{07A5F763-78F9-42CA-9362-5F40B4BA04F4}.Debug|Any CPU.Build.0 = Debug|Any CPU
		{07A5F763-78F9-42CA-9362-5F40B4BA04F4}.Release|Any CPU.ActiveCfg = Release|Any CPU
		{07A5F763-78F9-42CA-9362-5F40B4BA04F4}.Release|Any CPU.Build.0 = Release|Any CPU
		{6ABC95DE-265D-491D-9AEA-385895F5E301}.Debug|Any CPU.ActiveCfg = Debug|Any CPU
		{6ABC95DE-265D-491D-9AEA-385895F5E301}.Debug|Any CPU.Build.0 = Debug|Any CPU
		{6ABC95DE-265D-491D-9AEA-385895F5E301}.Release|Any CPU.ActiveCfg = Release|Any CPU
		{6ABC95DE-265D-491D-9AEA-385895F5E301}.Release|Any CPU.Build.0 = Release|Any CPU
	EndGlobalSection
	GlobalSection(SolutionProperties) = preSolution
		HideSolutionNode = FALSE
	EndGlobalSection
	GlobalSection(ExtensibilityGlobals) = postSolution
		SolutionGuid = {791012A2-5351-4D09-91EC-0CF6D90AC652}
	EndGlobalSection
EndGlobal
